// !$*UTF8*$!
{
	archiveVersion = 1;
	classes = {
	};
	objectVersion = 77;
	objects = {

/* Begin PBXBuildFile section */
		04998EE0475E5FCFA5F24BB2 /* OmyPhotosApp.swift in Sources */ = {isa = PBXBuildFile; fileRef = 85928DF647A2AE19C49A2F8A /* OmyPhotosApp.swift */; };
		11D8544C77DE665D8C451188 /* DeviceSession.swift in Sources */ = {isa = PBXBuildFile; fileRef = 1D2651A0AECCE717355192FC /* DeviceSession.swift */; };
		1BAE2FB4D55998697A269CAE /* MediaGrouping.swift in Sources */ = {isa = PBXBuildFile; fileRef = 6F773270BD5F25EEED5354F8 /* MediaGrouping.swift */; };
		23C571C896B76613407E9163 /* ThumbnailScheduler.swift in Sources */ = {isa = PBXBuildFile; fileRef = F3CA07AF18C86BAAA9625506 /* ThumbnailScheduler.swift */; };
		396D70C1F47860508689D93F /* DecodedImageCache.swift in Sources */ = {isa = PBXBuildFile; fileRef = 50A3210171CB4A473B59EDE1 /* DecodedImageCache.swift */; };
		428EC5037311B8C0CEA89A06 /* DownloadCoordinatorTests.swift in Sources */ = {isa = PBXBuildFile; fileRef = B1FF01C34977AA426CB33371 /* DownloadCoordinatorTests.swift */; };
		43EC9D870466523B4800526E /* DownloadCoordinator.swift in Sources */ = {isa = PBXBuildFile; fileRef = 2572D3DCFF293B68178FA6DD /* DownloadCoordinator.swift */; };
		4652D95D0C2F64B413EA5B0A /* SelectionStore.swift in Sources */ = {isa = PBXBuildFile; fileRef = 3D5DE4DC58540A751A1774AD /* SelectionStore.swift */; };
		49B9D4135468EAE4FA6DDB1F /* MediaGridItemView.swift in Sources */ = {isa = PBXBuildFile; fileRef = B1C2CF57397CC3D96DA2C3D3 /* MediaGridItemView.swift */; };
		55D31B4C1702B66199D641EB /* MediaIndexer.swift in Sources */ = {isa = PBXBuildFile; fileRef = 8626F5943DD7FD5131E1CE49 /* MediaIndexer.swift */; };
		773714D724B0D2D40FC21438 /* DeviceAuthorizationState.swift in Sources */ = {isa = PBXBuildFile; fileRef = 574BF8F09F007B431A13FD21 /* DeviceAuthorizationState.swift */; };
		78BD55A74D7599C8C3CB9A44 /* DestinationAccess.swift in Sources */ = {isa = PBXBuildFile; fileRef = 91A2DBDBF674D7D41C4E8C4C /* DestinationAccess.swift */; };
		7CD254B081AEA168AAA3F47F /* ProbeEventReducerTests.swift in Sources */ = {isa = PBXBuildFile; fileRef = 2751C51FB6C32C119C7897C9 /* ProbeEventReducerTests.swift */; };
		85FDC199C694DEE32F137DE5 /* MediaGroupingTests.swift in Sources */ = {isa = PBXBuildFile; fileRef = 7DFBDD5CC57EAB0005585719 /* MediaGroupingTests.swift */; };
		86A17BE77EBE853F8971AF3A /* ProbeEventReducer.swift in Sources */ = {isa = PBXBuildFile; fileRef = 5AFDBB22059C248DE55EECF9 /* ProbeEventReducer.swift */; };
		964B3FA392D79D7767BA69B1 /* ThumbnailSchedulerTests.swift in Sources */ = {isa = PBXBuildFile; fileRef = F66934D988B0DEE06C0A68DB /* ThumbnailSchedulerTests.swift */; };
		B26085DFFFD6856E35E27C85 /* ThumbnailDiskStore.swift in Sources */ = {isa = PBXBuildFile; fileRef = 364A07DD756F7FBE0C4ECE1B /* ThumbnailDiskStore.swift */; };
		B3A59D06498A0DB8F4E165C8 /* ConnectionView.swift in Sources */ = {isa = PBXBuildFile; fileRef = CA4BEB6E492528CD9FF338DA /* ConnectionView.swift */; };
		B69C9A246C8E40D4AA7D5C49 /* FilenameResolver.swift in Sources */ = {isa = PBXBuildFile; fileRef = 12D3539FEF45B37897D3467B /* FilenameResolver.swift */; };
		C5321399809E7F97AB4B3D49 /* SQLiteMediaStoreTests.swift in Sources */ = {isa = PBXBuildFile; fileRef = 53CC2D920FFAF265486B7B68 /* SQLiteMediaStoreTests.swift */; };
		CCB928D6539D8B8F31EB39A7 /* MonthSectionView.swift in Sources */ = {isa = PBXBuildFile; fileRef = 0BB919AC8A115785E9A81C3E /* MonthSectionView.swift */; };
		D60111B4CE542598B6E21020 /* SQLiteMediaStore.swift in Sources */ = {isa = PBXBuildFile; fileRef = F5AB49CFF3B81901C4198075 /* SQLiteMediaStore.swift */; };
		D6DA6443293B77BF1685E8DC /* SelectionStoreTests.swift in Sources */ = {isa = PBXBuildFile; fileRef = 0963D42BB33BBCC4D46F656D /* SelectionStoreTests.swift */; };
		DDD308DC008034DFEB863118 /* FilenameResolverTests.swift in Sources */ = {isa = PBXBuildFile; fileRef = 155D93B5C4B97422802884BC /* FilenameResolverTests.swift */; };
		DE04E648C6B426192852C930 /* LibraryView.swift in Sources */ = {isa = PBXBuildFile; fileRef = E3C74DCA4F01A81877C54068 /* LibraryView.swift */; };
		E78A8EAD99F9AEB380F257B7 /* MediaProbe.swift in Sources */ = {isa = PBXBuildFile; fileRef = 3BB6AAD5E576333077516700 /* MediaProbe.swift */; };
		E8C7440001BFA4BBD91835D4 /* DeviceSessionTests.swift in Sources */ = {isa = PBXBuildFile; fileRef = 2CE92A738879241802F34AB5 /* DeviceSessionTests.swift */; };
		F4C635673D03F3DEBE022486 /* MediaItem.swift in Sources */ = {isa = PBXBuildFile; fileRef = 7DEAC7B22F7A85638D45E5B0 /* MediaItem.swift */; };
/* End PBXBuildFile section */

/* Begin PBXContainerItemProxy section */
		4397363F9899136FA6C19944 /* PBXContainerItemProxy */ = {
			isa = PBXContainerItemProxy;
			containerPortal = DDFA81C4F3707A721CCCA71F /* Project object */;
			proxyType = 1;
			remoteGlobalIDString = 718570E8153DD2E98C8DA8B4;
			remoteInfo = OmyPhotos;
		};
/* End PBXContainerItemProxy section */

/* Begin PBXFileReference section */
		0963D42BB33BBCC4D46F656D /* SelectionStoreTests.swift */ = {isa = PBXFileReference; lastKnownFileType = sourcecode.swift; path = SelectionStoreTests.swift; sourceTree = "<group>"; };
		0BB919AC8A115785E9A81C3E /* MonthSectionView.swift */ = {isa = PBXFileReference; lastKnownFileType = sourcecode.swift; path = MonthSectionView.swift; sourceTree = "<group>"; };
		12D3539FEF45B37897D3467B /* FilenameResolver.swift */ = {isa = PBXFileReference; lastKnownFileType = sourcecode.swift; path = FilenameResolver.swift; sourceTree = "<group>"; };
		155D93B5C4B97422802884BC /* FilenameResolverTests.swift */ = {isa = PBXFileReference; lastKnownFileType = sourcecode.swift; path = FilenameResolverTests.swift; sourceTree = "<group>"; };
		1D2651A0AECCE717355192FC /* DeviceSession.swift */ = {isa = PBXFileReference; lastKnownFileType = sourcecode.swift; path = DeviceSession.swift; sourceTree = "<group>"; };
		2572D3DCFF293B68178FA6DD /* DownloadCoordinator.swift */ = {isa = PBXFileReference; lastKnownFileType = sourcecode.swift; path = DownloadCoordinator.swift; sourceTree = "<group>"; };
		2751C51FB6C32C119C7897C9 /* ProbeEventReducerTests.swift */ = {isa = PBXFileReference; lastKnownFileType = sourcecode.swift; path = ProbeEventReducerTests.swift; sourceTree = "<group>"; };
		2CE92A738879241802F34AB5 /* DeviceSessionTests.swift */ = {isa = PBXFileReference; lastKnownFileType = sourcecode.swift; path = DeviceSessionTests.swift; sourceTree = "<group>"; };
		364A07DD756F7FBE0C4ECE1B /* ThumbnailDiskStore.swift */ = {isa = PBXFileReference; lastKnownFileType = sourcecode.swift; path = ThumbnailDiskStore.swift; sourceTree = "<group>"; };
		3BB6AAD5E576333077516700 /* MediaProbe.swift */ = {isa = PBXFileReference; lastKnownFileType = sourcecode.swift; path = MediaProbe.swift; sourceTree = "<group>"; };
		3D5DE4DC58540A751A1774AD /* SelectionStore.swift */ = {isa = PBXFileReference; lastKnownFileType = sourcecode.swift; path = SelectionStore.swift; sourceTree = "<group>"; };
		4D88E2321B8CF70298D748F5 /* OmyPhotos.app */ = {isa = PBXFileReference; explicitFileType = wrapper.application; includeInIndex = 0; path = OmyPhotos.app; sourceTree = BUILT_PRODUCTS_DIR; };
		50A3210171CB4A473B59EDE1 /* DecodedImageCache.swift */ = {isa = PBXFileReference; lastKnownFileType = sourcecode.swift; path = DecodedImageCache.swift; sourceTree = "<group>"; };
		5363BF36B93FDB944EB47819 /* OmyPhotosTests.xctest */ = {isa = PBXFileReference; explicitFileType = wrapper.cfbundle; includeInIndex = 0; path = OmyPhotosTests.xctest; sourceTree = BUILT_PRODUCTS_DIR; };
		53CC2D920FFAF265486B7B68 /* SQLiteMediaStoreTests.swift */ = {isa = PBXFileReference; lastKnownFileType = sourcecode.swift; path = SQLiteMediaStoreTests.swift; sourceTree = "<group>"; };
		574BF8F09F007B431A13FD21 /* DeviceAuthorizationState.swift */ = {isa = PBXFileReference; lastKnownFileType = sourcecode.swift; path = DeviceAuthorizationState.swift; sourceTree = "<group>"; };
		5AFDBB22059C248DE55EECF9 /* ProbeEventReducer.swift */ = {isa = PBXFileReference; lastKnownFileType = sourcecode.swift; path = ProbeEventReducer.swift; sourceTree = "<group>"; };
		6F773270BD5F25EEED5354F8 /* MediaGrouping.swift */ = {isa = PBXFileReference; lastKnownFileType = sourcecode.swift; path = MediaGrouping.swift; sourceTree = "<group>"; };
		7DEAC7B22F7A85638D45E5B0 /* MediaItem.swift */ = {isa = PBXFileReference; lastKnownFileType = sourcecode.swift; path = MediaItem.swift; sourceTree = "<group>"; };
		7DFBDD5CC57EAB0005585719 /* MediaGroupingTests.swift */ = {isa = PBXFileReference; lastKnownFileType = sourcecode.swift; path = MediaGroupingTests.swift; sourceTree = "<group>"; };
		85928DF647A2AE19C49A2F8A /* OmyPhotosApp.swift */ = {isa = PBXFileReference; lastKnownFileType = sourcecode.swift; path = OmyPhotosApp.swift; sourceTree = "<group>"; };
		8626F5943DD7FD5131E1CE49 /* MediaIndexer.swift */ = {isa = PBXFileReference; lastKnownFileType = sourcecode.swift; path = MediaIndexer.swift; sourceTree = "<group>"; };
		91A2DBDBF674D7D41C4E8C4C /* DestinationAccess.swift */ = {isa = PBXFileReference; lastKnownFileType = sourcecode.swift; path = DestinationAccess.swift; sourceTree = "<group>"; };
		B1C2CF57397CC3D96DA2C3D3 /* MediaGridItemView.swift */ = {isa = PBXFileReference; lastKnownFileType = sourcecode.swift; path = MediaGridItemView.swift; sourceTree = "<group>"; };
		B1FF01C34977AA426CB33371 /* DownloadCoordinatorTests.swift */ = {isa = PBXFileReference; lastKnownFileType = sourcecode.swift; path = DownloadCoordinatorTests.swift; sourceTree = "<group>"; };
		CA4BEB6E492528CD9FF338DA /* ConnectionView.swift */ = {isa = PBXFileReference; lastKnownFileType = sourcecode.swift; path = ConnectionView.swift; sourceTree = "<group>"; };
		E3C74DCA4F01A81877C54068 /* LibraryView.swift */ = {isa = PBXFileReference; lastKnownFileType = sourcecode.swift; path = LibraryView.swift; sourceTree = "<group>"; };
		F3CA07AF18C86BAAA9625506 /* ThumbnailScheduler.swift */ = {isa = PBXFileReference; lastKnownFileType = sourcecode.swift; path = ThumbnailScheduler.swift; sourceTree = "<group>"; };
		F5AB49CFF3B81901C4198075 /* SQLiteMediaStore.swift */ = {isa = PBXFileReference; lastKnownFileType = sourcecode.swift; path = SQLiteMediaStore.swift; sourceTree = "<group>"; };
		F66934D988B0DEE06C0A68DB /* ThumbnailSchedulerTests.swift */ = {isa = PBXFileReference; lastKnownFileType = sourcecode.swift; path = ThumbnailSchedulerTests.swift; sourceTree = "<group>"; };
/* End PBXFileReference section */

/* Begin PBXGroup section */
		256DF0687718C4FCB70DD558 /* Library */ = {
			isa = PBXGroup;
			children = (
				6F773270BD5F25EEED5354F8 /* MediaGrouping.swift */,
				8626F5943DD7FD5131E1CE49 /* MediaIndexer.swift */,
				7DEAC7B22F7A85638D45E5B0 /* MediaItem.swift */,
				F5AB49CFF3B81901C4198075 /* SQLiteMediaStore.swift */,
			);
			path = Library;
			sourceTree = "<group>";
		};
		2FC97AB131DF928F86E3DCE9 /* Device */ = {
			isa = PBXGroup;
			children = (
				574BF8F09F007B431A13FD21 /* DeviceAuthorizationState.swift */,
				1D2651A0AECCE717355192FC /* DeviceSession.swift */,
			);
			path = Device;
			sourceTree = "<group>";
		};
		3F5F983A630EEB2145C45D26 /* OmyPhotosTests */ = {
			isa = PBXGroup;
			children = (
				2CE92A738879241802F34AB5 /* DeviceSessionTests.swift */,
				B1FF01C34977AA426CB33371 /* DownloadCoordinatorTests.swift */,
				155D93B5C4B97422802884BC /* FilenameResolverTests.swift */,
				7DFBDD5CC57EAB0005585719 /* MediaGroupingTests.swift */,
				2751C51FB6C32C119C7897C9 /* ProbeEventReducerTests.swift */,
				0963D42BB33BBCC4D46F656D /* SelectionStoreTests.swift */,
				53CC2D920FFAF265486B7B68 /* SQLiteMediaStoreTests.swift */,
				F66934D988B0DEE06C0A68DB /* ThumbnailSchedulerTests.swift */,
			);
			path = OmyPhotosTests;
			sourceTree = "<group>";
		};
		744C19DC6D2C43B0EDC3A2F8 /* UI */ = {
			isa = PBXGroup;
			children = (
				CA4BEB6E492528CD9FF338DA /* ConnectionView.swift */,
				E3C74DCA4F01A81877C54068 /* LibraryView.swift */,
				B1C2CF57397CC3D96DA2C3D3 /* MediaGridItemView.swift */,
				0BB919AC8A115785E9A81C3E /* MonthSectionView.swift */,
			);
			path = UI;
			sourceTree = "<group>";
		};
		7DD97DE4D08E7AF87AA1D46F /* Downloads */ = {
			isa = PBXGroup;
			children = (
				91A2DBDBF674D7D41C4E8C4C /* DestinationAccess.swift */,
				2572D3DCFF293B68178FA6DD /* DownloadCoordinator.swift */,
				12D3539FEF45B37897D3467B /* FilenameResolver.swift */,
			);
			path = Downloads;
			sourceTree = "<group>";
		};
		7F6930CC14309685F36F5F08 = {
			isa = PBXGroup;
			children = (
				DED515E48188EC34113E0DCA /* OmyPhotos */,
				3F5F983A630EEB2145C45D26 /* OmyPhotosTests */,
				843EC4DAAB346C0A0FC7644E /* Products */,
			);
			sourceTree = "<group>";
		};
		843EC4DAAB346C0A0FC7644E /* Products */ = {
			isa = PBXGroup;
			children = (
				4D88E2321B8CF70298D748F5 /* OmyPhotos.app */,
				5363BF36B93FDB944EB47819 /* OmyPhotosTests.xctest */,
			);
			name = Products;
			sourceTree = "<group>";
		};
		90C25EFD5B0AFC6182D1AFF1 /* Thumbnails */ = {
			isa = PBXGroup;
			children = (
				50A3210171CB4A473B59EDE1 /* DecodedImageCache.swift */,
				364A07DD756F7FBE0C4ECE1B /* ThumbnailDiskStore.swift */,
				F3CA07AF18C86BAAA9625506 /* ThumbnailScheduler.swift */,
			);
			path = Thumbnails;
			sourceTree = "<group>";
		};
		91A2B741F043B495C6F896B1 /* Selection */ = {
			isa = PBXGroup;
			children = (
				3D5DE4DC58540A751A1774AD /* SelectionStore.swift */,
			);
			path = Selection;
			sourceTree = "<group>";
		};
		C407E7481794DBF0760EDAF3 /* App */ = {
			isa = PBXGroup;
			children = (
				85928DF647A2AE19C49A2F8A /* OmyPhotosApp.swift */,
			);
			path = App;
			sourceTree = "<group>";
		};
		DED515E48188EC34113E0DCA /* OmyPhotos */ = {
			isa = PBXGroup;
			children = (
				C407E7481794DBF0760EDAF3 /* App */,
				2FC97AB131DF928F86E3DCE9 /* Device */,
				7DD97DE4D08E7AF87AA1D46F /* Downloads */,
				256DF0687718C4FCB70DD558 /* Library */,
				F20291D0FEE1D9085C654FF5 /* Probe */,
				91A2B741F043B495C6F896B1 /* Selection */,
				90C25EFD5B0AFC6182D1AFF1 /* Thumbnails */,
				744C19DC6D2C43B0EDC3A2F8 /* UI */,
			);
			path = OmyPhotos;
			sourceTree = "<group>";
		};
		F20291D0FEE1D9085C654FF5 /* Probe */ = {
			isa = PBXGroup;
			children = (
				3BB6AAD5E576333077516700 /* MediaProbe.swift */,
				5AFDBB22059C248DE55EECF9 /* ProbeEventReducer.swift */,
			);
			path = Probe;
			sourceTree = "<group>";
		};
/* End PBXGroup section */

/* Begin PBXNativeTarget section */
		718570E8153DD2E98C8DA8B4 /* OmyPhotos */ = {
			isa = PBXNativeTarget;
			buildConfigurationList = 6BA7A0F1F8C4D96740DF60EF /* Build configuration list for PBXNativeTarget "OmyPhotos" */;
			buildPhases = (
				58897B97A167D86A73D87D45 /* Sources */,
			);
			buildRules = (
			);
			dependencies = (
			);
			name = OmyPhotos;
			packageProductDependencies = (
			);
			productName = OmyPhotos;
			productReference = 4D88E2321B8CF70298D748F5 /* OmyPhotos.app */;
			productType = "com.apple.product-type.application";
		};
		8A44AB0E29F3246AE75DF4E5 /* OmyPhotosTests */ = {
			isa = PBXNativeTarget;
			buildConfigurationList = 2BDCD67BABC779A7732C4BC5 /* Build configuration list for PBXNativeTarget "OmyPhotosTests" */;
			buildPhases = (
				6756E92708C6FEA5F620BE98 /* Sources */,
			);
			buildRules = (
			);
			dependencies = (
				93287AE81EA0522FA06C8FCF /* PBXTargetDependency */,
			);
			name = OmyPhotosTests;
			packageProductDependencies = (
			);
			productName = OmyPhotosTests;
			productReference = 5363BF36B93FDB944EB47819 /* OmyPhotosTests.xctest */;
			productType = "com.apple.product-type.bundle.unit-test";
		};
/* End PBXNativeTarget section */

/* Begin PBXProject section */
		DDFA81C4F3707A721CCCA71F /* Project object */ = {
			isa = PBXProject;
			attributes = {
				BuildIndependentTargetsInParallel = YES;
				LastUpgradeCheck = 1430;
				TargetAttributes = {
				};
			};
			buildConfigurationList = 5531FFDD53CD086A5829A804 /* Build configuration list for PBXProject "OmyPhotos" */;
			developmentRegion = en;
			hasScannedForEncodings = 0;
			knownRegions = (
				Base,
				en,
			);
			mainGroup = 7F6930CC14309685F36F5F08;
			minimizedProjectReferenceProxies = 1;
			preferredProjectObjectVersion = 77;
			productRefGroup = 843EC4DAAB346C0A0FC7644E /* Products */;
			projectDirPath = "";
			projectRoot = "";
			targets = (
				718570E8153DD2E98C8DA8B4 /* OmyPhotos */,
				8A44AB0E29F3246AE75DF4E5 /* OmyPhotosTests */,
			);
		};
/* End PBXProject section */

/* Begin PBXSourcesBuildPhase section */
		58897B97A167D86A73D87D45 /* Sources */ = {
			isa = PBXSourcesBuildPhase;
			buildActionMask = 2147483647;
			files = (
				B3A59D06498A0DB8F4E165C8 /* ConnectionView.swift in Sources */,
				396D70C1F47860508689D93F /* DecodedImageCache.swift in Sources */,
				78BD55A74D7599C8C3CB9A44 /* DestinationAccess.swift in Sources */,
				773714D724B0D2D40FC21438 /* DeviceAuthorizationState.swift in Sources */,
				11D8544C77DE665D8C451188 /* DeviceSession.swift in Sources */,
				43EC9D870466523B4800526E /* DownloadCoordinator.swift in Sources */,
				B69C9A246C8E40D4AA7D5C49 /* FilenameResolver.swift in Sources */,
				DE04E648C6B426192852C930 /* LibraryView.swift in Sources */,
				49B9D4135468EAE4FA6DDB1F /* MediaGridItemView.swift in Sources */,
				1BAE2FB4D55998697A269CAE /* MediaGrouping.swift in Sources */,
				55D31B4C1702B66199D641EB /* MediaIndexer.swift in Sources */,
				F4C635673D03F3DEBE022486 /* MediaItem.swift in Sources */,
				E78A8EAD99F9AEB380F257B7 /* MediaProbe.swift in Sources */,
				CCB928D6539D8B8F31EB39A7 /* MonthSectionView.swift in Sources */,
				04998EE0475E5FCFA5F24BB2 /* OmyPhotosApp.swift in Sources */,
				86A17BE77EBE853F8971AF3A /* ProbeEventReducer.swift in Sources */,
				D60111B4CE542598B6E21020 /* SQLiteMediaStore.swift in Sources */,
				4652D95D0C2F64B413EA5B0A /* SelectionStore.swift in Sources */,
				B26085DFFFD6856E35E27C85 /* ThumbnailDiskStore.swift in Sources */,
				23C571C896B76613407E9163 /* ThumbnailScheduler.swift in Sources */,
			);
			runOnlyForDeploymentPostprocessing = 0;
		};
		6756E92708C6FEA5F620BE98 /* Sources */ = {
			isa = PBXSourcesBuildPhase;
			buildActionMask = 2147483647;
			files = (
				E8C7440001BFA4BBD91835D4 /* DeviceSessionTests.swift in Sources */,
				428EC5037311B8C0CEA89A06 /* DownloadCoordinatorTests.swift in Sources */,
				DDD308DC008034DFEB863118 /* FilenameResolverTests.swift in Sources */,
				85FDC199C694DEE32F137DE5 /* MediaGroupingTests.swift in Sources */,
				7CD254B081AEA168AAA3F47F /* ProbeEventReducerTests.swift in Sources */,
				C5321399809E7F97AB4B3D49 /* SQLiteMediaStoreTests.swift in Sources */,
				D6DA6443293B77BF1685E8DC /* SelectionStoreTests.swift in Sources */,
				964B3FA392D79D7767BA69B1 /* ThumbnailSchedulerTests.swift in Sources */,
			);
			runOnlyForDeploymentPostprocessing = 0;
		};
/* End PBXSourcesBuildPhase section */

/* Begin PBXTargetDependency section */
		93287AE81EA0522FA06C8FCF /* PBXTargetDependency */ = {
			isa = PBXTargetDependency;
			target = 718570E8153DD2E98C8DA8B4 /* OmyPhotos */;
			targetProxy = 4397363F9899136FA6C19944 /* PBXContainerItemProxy */;
		};
/* End PBXTargetDependency section */

/* Begin XCBuildConfiguration section */
		3E21B147F011F3413263CE6E /* Release */ = {
			isa = XCBuildConfiguration;
			buildSettings = {
				ASSETCATALOG_COMPILER_APPICON_NAME = AppIcon;
				COMBINE_HIDPI_IMAGES = YES;
				GENERATE_INFOPLIST_FILE = YES;
				INFOPLIST_KEY_CFBundleDisplayName = "Omy Photos";
				INFOPLIST_KEY_NSHumanReadableCopyright = "Copyright © 2026 Kevin";
				LD_RUNPATH_SEARCH_PATHS = (
					"$(inherited)",
					"@executable_path/../Frameworks",
				);
				OTHER_LDFLAGS = "$(inherited) -framework ImageCaptureCore -lsqlite3";
				PRODUCT_BUNDLE_IDENTIFIER = dev.kevinstack.omyphotos;
				SDKROOT = macosx;
			};
			name = Release;
		};
		4EA1A94D5AE4F3FC052D3D77 /* Debug */ = {
			isa = XCBuildConfiguration;
			buildSettings = {
				ALWAYS_SEARCH_USER_PATHS = NO;
				CLANG_ANALYZER_NONNULL = YES;
				CLANG_ANALYZER_NUMBER_OBJECT_CONVERSION = YES_AGGRESSIVE;
				CLANG_CXX_LANGUAGE_STANDARD = "gnu++14";
				CLANG_CXX_LIBRARY = "libc++";
				CLANG_ENABLE_MODULES = YES;
				CLANG_ENABLE_OBJC_ARC = YES;
				CLANG_ENABLE_OBJC_WEAK = YES;
				CLANG_WARN_BLOCK_CAPTURE_AUTORELEASING = YES;
				CLANG_WARN_BOOL_CONVERSION = YES;
				CLANG_WARN_COMMA = YES;
				CLANG_WARN_CONSTANT_CONVERSION = YES;
				CLANG_WARN_DEPRECATED_OBJC_IMPLEMENTATIONS = YES;
				CLANG_WARN_DIRECT_OBJC_ISA_USAGE = YES_ERROR;
				CLANG_WARN_DOCUMENTATION_COMMENTS = YES;
				CLANG_WARN_EMPTY_BODY = YES;
				CLANG_WARN_ENUM_CONVERSION = YES;
				CLANG_WARN_INFINITE_RECURSION = YES;
				CLANG_WARN_INT_CONVERSION = YES;
				CLANG_WARN_NON_LITERAL_NULL_CONVERSION = YES;
				CLANG_WARN_OBJC_IMPLICIT_RETAIN_SELF = YES;
				CLANG_WARN_OBJC_LITERAL_CONVERSION = YES;
				CLANG_WARN_OBJC_ROOT_CLASS = YES_ERROR;
				CLANG_WARN_QUOTED_INCLUDE_IN_FRAMEWORK_HEADER = YES;
				CLANG_WARN_RANGE_LOOP_ANALYSIS = YES;
				CLANG_WARN_STRICT_PROTOTYPES = YES;
				CLANG_WARN_SUSPICIOUS_MOVE = YES;
				CLANG_WARN_UNGUARDED_AVAILABILITY = YES_AGGRESSIVE;
				CLANG_WARN_UNREACHABLE_CODE = YES;
				CLANG_WARN__DUPLICATE_METHOD_MATCH = YES;
				COPY_PHASE_STRIP = NO;
				DEBUG_INFORMATION_FORMAT = dwarf;
				ENABLE_STRICT_OBJC_MSGSEND = YES;
				ENABLE_TESTABILITY = YES;
				GCC_C_LANGUAGE_STANDARD = gnu11;
				GCC_DYNAMIC_NO_PIC = NO;
				GCC_NO_COMMON_BLOCKS = YES;
				GCC_OPTIMIZATION_LEVEL = 0;
				GCC_PREPROCESSOR_DEFINITIONS = (
					"$(inherited)",
					"DEBUG=1",
				);
				GCC_WARN_64_TO_32_BIT_CONVERSION = YES;
				GCC_WARN_ABOUT_RETURN_TYPE = YES_ERROR;
				GCC_WARN_UNDECLARED_SELECTOR = YES;
				GCC_WARN_UNINITIALIZED_AUTOS = YES_AGGRESSIVE;
				GCC_WARN_UNUSED_FUNCTION = YES;
				GCC_WARN_UNUSED_VARIABLE = YES;
				MACOSX_DEPLOYMENT_TARGET = 27.0;
				MTL_ENABLE_DEBUG_INFO = INCLUDE_SOURCE;
				MTL_FAST_MATH = YES;
				ONLY_ACTIVE_ARCH = YES;
				PRODUCT_NAME = "$(TARGET_NAME)";
				SDKROOT = macosx;
				SWIFT_ACTIVE_COMPILATION_CONDITIONS = DEBUG;
				SWIFT_OPTIMIZATION_LEVEL = "-Onone";
				SWIFT_VERSION = 6.0;
			};
			name = Debug;
		};
		BD896042B8EC03AC1CAE3743 /* Debug */ = {
			isa = XCBuildConfiguration;
			buildSettings = {
				ASSETCATALOG_COMPILER_APPICON_NAME = AppIcon;
				COMBINE_HIDPI_IMAGES = YES;
				GENERATE_INFOPLIST_FILE = YES;
				INFOPLIST_KEY_CFBundleDisplayName = "Omy Photos";
				INFOPLIST_KEY_NSHumanReadableCopyright = "Copyright © 2026 Kevin";
				LD_RUNPATH_SEARCH_PATHS = (
					"$(inherited)",
					"@executable_path/../Frameworks",
				);
				OTHER_LDFLAGS = "$(inherited) -framework ImageCaptureCore -lsqlite3";
				PRODUCT_BUNDLE_IDENTIFIER = dev.kevinstack.omyphotos;
				SDKROOT = macosx;
			};
			name = Debug;
		};
		CD87C107B96A318C33DBAF41 /* Debug */ = {
			isa = XCBuildConfiguration;
			buildSettings = {
				BUNDLE_LOADER = "$(TEST_HOST)";
				COMBINE_HIDPI_IMAGES = YES;
				GENERATE_INFOPLIST_FILE = YES;
				LD_RUNPATH_SEARCH_PATHS = (
					"$(inherited)",
					"@executable_path/../Frameworks",
					"@loader_path/../Frameworks",
				);
				PRODUCT_BUNDLE_IDENTIFIER = dev.kevinstack.omyphotos.tests;
				SDKROOT = macosx;
				TEST_HOST = "$(BUILT_PRODUCTS_DIR)/OmyPhotos.app/Contents/MacOS/OmyPhotos";
			};
			name = Debug;
		};
		E4A824A0DF371877CE2D1696 /* Release */ = {
			isa = XCBuildConfiguration;
			buildSettings = {
				ALWAYS_SEARCH_USER_PATHS = NO;
				CLANG_ANALYZER_NONNULL = YES;
				CLANG_ANALYZER_NUMBER_OBJECT_CONVERSION = YES_AGGRESSIVE;
				CLANG_CXX_LANGUAGE_STANDARD = "gnu++14";
				CLANG_CXX_LIBRARY = "libc++";
				CLANG_ENABLE_MODULES = YES;
				CLANG_ENABLE_OBJC_ARC = YES;
				CLANG_ENABLE_OBJC_WEAK = YES;
				CLANG_WARN_BLOCK_CAPTURE_AUTORELEASING = YES;
				CLANG_WARN_BOOL_CONVERSION = YES;
				CLANG_WARN_COMMA = YES;
				CLANG_WARN_CONSTANT_CONVERSION = YES;
				CLANG_WARN_DEPRECATED_OBJC_IMPLEMENTATIONS = YES;
				CLANG_WARN_DIRECT_OBJC_ISA_USAGE = YES_ERROR;
				CLANG_WARN_DOCUMENTATION_COMMENTS = YES;
				CLANG_WARN_EMPTY_BODY = YES;
				CLANG_WARN_ENUM_CONVERSION = YES;
				CLANG_WARN_INFINITE_RECURSION = YES;
				CLANG_WARN_INT_CONVERSION = YES;
				CLANG_WARN_NON_LITERAL_NULL_CONVERSION = YES;
				CLANG_WARN_OBJC_IMPLICIT_RETAIN_SELF = YES;
				CLANG_WARN_OBJC_LITERAL_CONVERSION = YES;
				CLANG_WARN_OBJC_ROOT_CLASS = YES_ERROR;
				CLANG_WARN_QUOTED_INCLUDE_IN_FRAMEWORK_HEADER = YES;
				CLANG_WARN_RANGE_LOOP_ANALYSIS = YES;
				CLANG_WARN_STRICT_PROTOTYPES = YES;
				CLANG_WARN_SUSPICIOUS_MOVE = YES;
				CLANG_WARN_UNGUARDED_AVAILABILITY = YES_AGGRESSIVE;
				CLANG_WARN_UNREACHABLE_CODE = YES;
				CLANG_WARN__DUPLICATE_METHOD_MATCH = YES;
				COPY_PHASE_STRIP = NO;
				DEBUG_INFORMATION_FORMAT = "dwarf-with-dsym";
				ENABLE_NS_ASSERTIONS = NO;
				ENABLE_STRICT_OBJC_MSGSEND = YES;
				GCC_C_LANGUAGE_STANDARD = gnu11;
				GCC_NO_COMMON_BLOCKS = YES;
				GCC_WARN_64_TO_32_BIT_CONVERSION = YES;
				GCC_WARN_ABOUT_RETURN_TYPE = YES_ERROR;
				GCC_WARN_UNDECLARED_SELECTOR = YES;
				GCC_WARN_UNINITIALIZED_AUTOS = YES_AGGRESSIVE;
				GCC_WARN_UNUSED_FUNCTION = YES;
				GCC_WARN_UNUSED_VARIABLE = YES;
				MACOSX_DEPLOYMENT_TARGET = 27.0;
				MTL_ENABLE_DEBUG_INFO = NO;
				MTL_FAST_MATH = YES;
				PRODUCT_NAME = "$(TARGET_NAME)";
				SDKROOT = macosx;
				SWIFT_COMPILATION_MODE = wholemodule;
				SWIFT_OPTIMIZATION_LEVEL = "-O";
				SWIFT_VERSION = 6.0;
			};
			name = Release;
		};
		FCC2D19D0678259B92AEBF66 /* Release */ = {
			isa = XCBuildConfiguration;
			buildSettings = {
				BUNDLE_LOADER = "$(TEST_HOST)";
				COMBINE_HIDPI_IMAGES = YES;
				GENERATE_INFOPLIST_FILE = YES;
				LD_RUNPATH_SEARCH_PATHS = (
					"$(inherited)",
					"@executable_path/../Frameworks",
					"@loader_path/../Frameworks",
				);
				PRODUCT_BUNDLE_IDENTIFIER = dev.kevinstack.omyphotos.tests;
				SDKROOT = macosx;
				TEST_HOST = "$(BUILT_PRODUCTS_DIR)/OmyPhotos.app/Contents/MacOS/OmyPhotos";
			};
			name = Release;
		};
/* End XCBuildConfiguration section */

/* Begin XCConfigurationList section */
		2BDCD67BABC779A7732C4BC5 /* Build configuration list for PBXNativeTarget "OmyPhotosTests" */ = {
			isa = XCConfigurationList;
			buildConfigurations = (
				CD87C107B96A318C33DBAF41 /* Debug */,
				FCC2D19D0678259B92AEBF66 /* Release */,
			);
			defaultConfigurationIsVisible = 0;
			defaultConfigurationName = Debug;
		};
		5531FFDD53CD086A5829A804 /* Build configuration list for PBXProject "OmyPhotos" */ = {
			isa = XCConfigurationList;
			buildConfigurations = (
				4EA1A94D5AE4F3FC052D3D77 /* Debug */,
				E4A824A0DF371877CE2D1696 /* Release */,
			);
			defaultConfigurationIsVisible = 0;
			defaultConfigurationName = Debug;
		};
		6BA7A0F1F8C4D96740DF60EF /* Build configuration list for PBXNativeTarget "OmyPhotos" */ = {
			isa = XCConfigurationList;
			buildConfigurations = (
				BD896042B8EC03AC1CAE3743 /* Debug */,
				3E21B147F011F3413263CE6E /* Release */,
			);
			defaultConfigurationIsVisible = 0;
			defaultConfigurationName = Debug;
		};
/* End XCConfigurationList section */
	};
	rootObject = DDFA81C4F3707A721CCCA71F /* Project object */;
}
